// !$*UTF8*$!
{
	archiveVersion = 1;
	classes = {
	};
	objectVersion = 50;
	objects = {

/* Begin PBXBuildFile section */
		53AF3EE2243DE6330034A49B /* AddItemVC.swift in Sources */ = {isa = PBXBuildFile; fileRef = 53AF3EE1243DE6330034A49B /* AddItemVC.swift */; };
		571F6C212438B20300AB411E /* FoodModel.swift in Sources */ = {isa = PBXBuildFile; fileRef = 571F6C202438B20300AB411E /* FoodModel.swift */; };
		571F6C252438B37100AB411E /* FoodCell.swift in Sources */ = {isa = PBXBuildFile; fileRef = 571F6C242438B37100AB411E /* FoodCell.swift */; };
		741A24442437412C0005C00E /* AppDelegate.swift in Sources */ = {isa = PBXBuildFile; fileRef = 741A24432437412C0005C00E /* AppDelegate.swift */; };
		741A24462437412C0005C00E /* SceneDelegate.swift in Sources */ = {isa = PBXBuildFile; fileRef = 741A24452437412C0005C00E /* SceneDelegate.swift */; };
		741A24482437412C0005C00E /* FoodStockVC.swift in Sources */ = {isa = PBXBuildFile; fileRef = 741A24472437412C0005C00E /* FoodStockVC.swift */; };
		741A244B2437412C0005C00E /* Main.storyboard in Resources */ = {isa = PBXBuildFile; fileRef = 741A24492437412C0005C00E /* Main.storyboard */; };
		741A244E2437412C0005C00E /* MC1_G4_FoodStock.xcdatamodeld in Sources */ = {isa = PBXBuildFile; fileRef = 741A244C2437412C0005C00E /* MC1_G4_FoodStock.xcdatamodeld */; };
		741A24502437412E0005C00E /* Assets.xcassets in Resources */ = {isa = PBXBuildFile; fileRef = 741A244F2437412E0005C00E /* Assets.xcassets */; };
		741A24532437412E0005C00E /* LaunchScreen.storyboard in Resources */ = {isa = PBXBuildFile; fileRef = 741A24512437412E0005C00E /* LaunchScreen.storyboard */; };
		742764A0243EFF0800980973 /* ItemDetailVC.swift in Sources */ = {isa = PBXBuildFile; fileRef = 7427649F243EFF0800980973 /* ItemDetailVC.swift */; };
		74A918A124407CCF001BE238 /* EditItemVC.swift in Sources */ = {isa = PBXBuildFile; fileRef = 74A918A024407CCF001BE238 /* EditItemVC.swift */; };
		74DA8563243C842C00749E48 /* ShoppingList.storyboard in Resources */ = {isa = PBXBuildFile; fileRef = 74DA8561243C842C00749E48 /* ShoppingList.storyboard */; };
		74DA8565243C862F00749E48 /* FoodStock.storyboard in Resources */ = {isa = PBXBuildFile; fileRef = 74DA8564243C862F00749E48 /* FoodStock.storyboard */; };
		ADBCF6DF2440B348003080D6 /* AddShopItemVC.swift in Sources */ = {isa = PBXBuildFile; fileRef = ADBCF6DE2440B348003080D6 /* AddShopItemVC.swift */; };
		ADBCF6E92441E43E003080D6 /* SaveShopItemVC.swift in Sources */ = {isa = PBXBuildFile; fileRef = ADBCF6E82441E43E003080D6 /* SaveShopItemVC.swift */; };
		ADBCF6EB2441F184003080D6 /* ShoppingVC.swift in Sources */ = {isa = PBXBuildFile; fileRef = ADBCF6EA2441F184003080D6 /* ShoppingVC.swift */; };
/* End PBXBuildFile section */

/* Begin PBXFileReference section */
		53AF3EE1243DE6330034A49B /* AddItemVC.swift */ = {isa = PBXFileReference; fileEncoding = 4; lastKnownFileType = sourcecode.swift; path = AddItemVC.swift; sourceTree = "<group>"; };
		571F6C202438B20300AB411E /* FoodModel.swift */ = {isa = PBXFileReference; lastKnownFileType = sourcecode.swift; path = FoodModel.swift; sourceTree = "<group>"; };
		571F6C242438B37100AB411E /* FoodCell.swift */ = {isa = PBXFileReference; lastKnownFileType = sourcecode.swift; path = FoodCell.swift; sourceTree = "<group>"; };
		741A24402437412C0005C00E /* MC1-G4-FoodStock.app */ = {isa = PBXFileReference; explicitFileType = wrapper.application; includeInIndex = 0; path = "MC1-G4-FoodStock.app"; sourceTree = BUILT_PRODUCTS_DIR; };
		741A24432437412C0005C00E /* AppDelegate.swift */ = {isa = PBXFileReference; lastKnownFileType = sourcecode.swift; path = AppDelegate.swift; sourceTree = "<group>"; };
		741A24452437412C0005C00E /* SceneDelegate.swift */ = {isa = PBXFileReference; lastKnownFileType = sourcecode.swift; path = SceneDelegate.swift; sourceTree = "<group>"; };
		741A24472437412C0005C00E /* FoodStockVC.swift */ = {isa = PBXFileReference; lastKnownFileType = sourcecode.swift; path = FoodStockVC.swift; sourceTree = "<group>"; };
		741A244A2437412C0005C00E /* Base */ = {isa = PBXFileReference; lastKnownFileType = file.storyboard; name = Base; path = Base.lproj/Main.storyboard; sourceTree = "<group>"; };
		741A244D2437412C0005C00E /* MC1_G4_FoodStock.xcdatamodel */ = {isa = PBXFileReference; lastKnownFileType = wrapper.xcdatamodel; path = MC1_G4_FoodStock.xcdatamodel; sourceTree = "<group>"; };
		741A244F2437412E0005C00E /* Assets.xcassets */ = {isa = PBXFileReference; lastKnownFileType = folder.assetcatalog; path = Assets.xcassets; sourceTree = "<group>"; };
		741A24522437412E0005C00E /* Base */ = {isa = PBXFileReference; lastKnownFileType = file.storyboard; name = Base; path = Base.lproj/LaunchScreen.storyboard; sourceTree = "<group>"; };
		741A24542437412E0005C00E /* Info.plist */ = {isa = PBXFileReference; lastKnownFileType = text.plist.xml; path = Info.plist; sourceTree = "<group>"; };
		7427649F243EFF0800980973 /* ItemDetailVC.swift */ = {isa = PBXFileReference; lastKnownFileType = sourcecode.swift; path = ItemDetailVC.swift; sourceTree = "<group>"; };
		74A918A024407CCF001BE238 /* EditItemVC.swift */ = {isa = PBXFileReference; lastKnownFileType = sourcecode.swift; path = EditItemVC.swift; sourceTree = "<group>"; };
		74DA8562243C842C00749E48 /* Base */ = {isa = PBXFileReference; lastKnownFileType = file.storyboard; name = Base; path = "MC1-G4-FoodStock/View/Base.lproj/ShoppingList.storyboard"; sourceTree = "<group>"; };
		74DA8564243C862F00749E48 /* FoodStock.storyboard */ = {isa = PBXFileReference; fileEncoding = 4; lastKnownFileType = file.storyboard; path = FoodStock.storyboard; sourceTree = "<group>"; };
		ADBCF6DE2440B348003080D6 /* AddShopItemVC.swift */ = {isa = PBXFileReference; lastKnownFileType = sourcecode.swift; path = AddShopItemVC.swift; sourceTree = "<group>"; };
		ADBCF6E82441E43E003080D6 /* SaveShopItemVC.swift */ = {isa = PBXFileReference; lastKnownFileType = sourcecode.swift; path = SaveShopItemVC.swift; sourceTree = "<group>"; };
		ADBCF6EA2441F184003080D6 /* ShoppingVC.swift */ = {isa = PBXFileReference; lastKnownFileType = sourcecode.swift; path = ShoppingVC.swift; sourceTree = "<group>"; };
/* End PBXFileReference section */

/* Begin PBXFrameworksBuildPhase section */
		741A243D2437412C0005C00E /* Frameworks */ = {
			isa = PBXFrameworksBuildPhase;
			buildActionMask = 2147483647;
			files = (
			);
			runOnlyForDeploymentPostprocessing = 0;
		};
/* End PBXFrameworksBuildPhase section */

/* Begin PBXGroup section */
		571F6C1D2438B19E00AB411E /* Model */ = {
			isa = PBXGroup;
			children = (
				571F6C202438B20300AB411E /* FoodModel.swift */,
				571F6C242438B37100AB411E /* FoodCell.swift */,
			);
			path = Model;
			sourceTree = "<group>";
		};
		571F6C1E2438B1A400AB411E /* View */ = {
			isa = PBXGroup;
			children = (
				74DA8561243C842C00749E48 /* ShoppingList.storyboard */,
				74DA8564243C862F00749E48 /* FoodStock.storyboard */,
				741A24492437412C0005C00E /* Main.storyboard */,
			);
			path = View;
			sourceTree = "<group>";
		};
		571F6C1F2438B1AF00AB411E /* Controller */ = {
			isa = PBXGroup;
			children = (
				53AF3EE1243DE6330034A49B /* AddItemVC.swift */,
				741A24472437412C0005C00E /* FoodStockVC.swift */,
				7427649F243EFF0800980973 /* ItemDetailVC.swift */,
				74A918A024407CCF001BE238 /* EditItemVC.swift */,
				ADBCF6DE2440B348003080D6 /* AddShopItemVC.swift */,
				ADBCF6E82441E43E003080D6 /* SaveShopItemVC.swift */,
				ADBCF6EA2441F184003080D6 /* ShoppingVC.swift */,
			);
			path = Controller;
			sourceTree = "<group>";
		};
		741A24372437412C0005C00E = {
			isa = PBXGroup;
			children = (
				741A24422437412C0005C00E /* MC1-G4-FoodStock */,
				741A24412437412C0005C00E /* Products */,
			);
			sourceTree = "<group>";
		};
		741A24412437412C0005C00E /* Products */ = {
			isa = PBXGroup;
			children = (
				741A24402437412C0005C00E /* MC1-G4-FoodStock.app */,
			);
			name = Products;
			sourceTree = "<group>";
		};
		741A24422437412C0005C00E /* MC1-G4-FoodStock */ = {
			isa = PBXGroup;
			children = (
				571F6C1D2438B19E00AB411E /* Model */,
				571F6C1E2438B1A400AB411E /* View */,
				571F6C1F2438B1AF00AB411E /* Controller */,
				741A24432437412C0005C00E /* AppDelegate.swift */,
				741A24452437412C0005C00E /* SceneDelegate.swift */,
				741A244F2437412E0005C00E /* Assets.xcassets */,
				741A24512437412E0005C00E /* LaunchScreen.storyboard */,
				741A24542437412E0005C00E /* Info.plist */,
				741A244C2437412C0005C00E /* MC1_G4_FoodStock.xcdatamodeld */,
			);
			path = "MC1-G4-FoodStock";
			sourceTree = "<group>";
		};
/* End PBXGroup section */

/* Begin PBXNativeTarget section */
		741A243F2437412C0005C00E /* MC1-G4-FoodStock */ = {
			isa = PBXNativeTarget;
			buildConfigurationList = 741A24572437412E0005C00E /* Build configuration list for PBXNativeTarget "MC1-G4-FoodStock" */;
			buildPhases = (
				741A243C2437412C0005C00E /* Sources */,
				741A243D2437412C0005C00E /* Frameworks */,
				741A243E2437412C0005C00E /* Resources */,
			);
			buildRules = (
			);
			dependencies = (
			);
			name = "MC1-G4-FoodStock";
			productName = "MC1-G4-FoodStock";
			productReference = 741A24402437412C0005C00E /* MC1-G4-FoodStock.app */;
			productType = "com.apple.product-type.application";
		};
/* End PBXNativeTarget section */

/* Begin PBXProject section */
		741A24382437412C0005C00E /* Project object */ = {
			isa = PBXProject;
			attributes = {
				LastSwiftUpdateCheck = 1140;
				LastUpgradeCheck = 1140;
				ORGANIZATIONNAME = "Melina Dewi";
				TargetAttributes = {
					741A243F2437412C0005C00E = {
						CreatedOnToolsVersion = 11.4;
					};
				};
			};
			buildConfigurationList = 741A243B2437412C0005C00E /* Build configuration list for PBXProject "MC1-G4-FoodStock" */;
			compatibilityVersion = "Xcode 9.3";
			developmentRegion = en;
			hasScannedForEncodings = 0;
			knownRegions = (
				en,
				Base,
			);
			mainGroup = 741A24372437412C0005C00E;
			productRefGroup = 741A24412437412C0005C00E /* Products */;
			projectDirPath = "";
			projectRoot = "";
			targets = (
				741A243F2437412C0005C00E /* MC1-G4-FoodStock */,
			);
		};
/* End PBXProject section */

/* Begin PBXResourcesBuildPhase section */
		741A243E2437412C0005C00E /* Resources */ = {
			isa = PBXResourcesBuildPhase;
			buildActionMask = 2147483647;
			files = (
				741A24532437412E0005C00E /* LaunchScreen.storyboard in Resources */,
				74DA8565243C862F00749E48 /* FoodStock.storyboard in Resources */,
				741A24502437412E0005C00E /* Assets.xcassets in Resources */,
				74DA8563243C842C00749E48 /* ShoppingList.storyboard in Resources */,
				741A244B2437412C0005C00E /* Main.storyboard in Resources */,
			);
			runOnlyForDeploymentPostprocessing = 0;
		};
/* End PBXResourcesBuildPhase section */

/* Begin PBXSourcesBuildPhase section */
		741A243C2437412C0005C00E /* Sources */ = {
			isa = PBXSourcesBuildPhase;
			buildActionMask = 2147483647;
			files = (
				742764A0243EFF0800980973 /* ItemDetailVC.swift in Sources */,
				571F6C212438B20300AB411E /* FoodModel.swift in Sources */,
				74A918A124407CCF001BE238 /* EditItemVC.swift in Sources */,
				ADBCF6EB2441F184003080D6 /* ShoppingVC.swift in Sources */,
				ADBCF6DF2440B348003080D6 /* AddShopItemVC.swift in Sources */,
				571F6C252438B37100AB411E /* FoodCell.swift in Sources */,
				741A24482437412C0005C00E /* FoodStockVC.swift in Sources */,
				741A24442437412C0005C00E /* AppDelegate.swift in Sources */,
				ADBCF6E92441E43E003080D6 /* SaveShopItemVC.swift in Sources */,
				741A24462437412C0005C00E /* SceneDelegate.swift in Sources */,
				741A244E2437412C0005C00E /* MC1_G4_FoodStock.xcdatamodeld in Sources */,
				53AF3EE2243DE6330034A49B /* AddItemVC.swift in Sources */,
			);
			runOnlyForDeploymentPostprocessing = 0;
		};
/* End PBXSourcesBuildPhase section */

/* Begin PBXVariantGroup section */
		741A24492437412C0005C00E /* Main.storyboard */ = {
			isa = PBXVariantGroup;
			children = (
				741A244A2437412C0005C00E /* Base */,
			);
			name = Main.storyboard;
			sourceTree = "<group>";
		};
		741A24512437412E0005C00E /* LaunchScreen.storyboard */ = {
			isa = PBXVariantGroup;
			children = (
				741A24522437412E0005C00E /* Base */,
			);
			name = LaunchScreen.storyboard;
			sourceTree = "<group>";
		};
		74DA8561243C842C00749E48 /* ShoppingList.storyboard */ = {
			isa = PBXVariantGroup;
			children = (
				74DA8562243C842C00749E48 /* Base */,
			);
			name = ShoppingList.storyboard;
			sourceTree = "<group>";
		};
/* End PBXVariantGroup section */

/* Begin XCBuildConfiguration section */
		741A24552437412E0005C00E /* Debug */ = {
			isa = XCBuildConfiguration;
			buildSettings = {
				ALWAYS_SEARCH_USER_PATHS = NO;
				CLANG_ANALYZER_NONNULL = YES;
				CLANG_ANALYZER_NUMBER_OBJECT_CONVERSION = YES_AGGRESSIVE;
				CLANG_CXX_LANGUAGE_STANDARD = "gnu++14";
				CLANG_CXX_LIBRARY = "libc++";
				CLANG_ENABLE_MODULES = YES;
				CLANG_ENABLE_OBJC_ARC = YES;
				CLANG_ENABLE_OBJC_WEAK = YES;
				CLANG_WARN_BLOCK_CAPTURE_AUTORELEASING = YES;
				CLANG_WARN_BOOL_CONVERSION = YES;
				CLANG_WARN_COMMA = YES;
				CLANG_WARN_CONSTANT_CONVERSION = YES;
				CLANG_WARN_DEPRECATED_OBJC_IMPLEMENTATIONS = YES;
				CLANG_WARN_DIRECT_OBJC_ISA_USAGE = YES_ERROR;
				CLANG_WARN_DOCUMENTATION_COMMENTS = YES;
				CLANG_WARN_EMPTY_BODY = YES;
				CLANG_WARN_ENUM_CONVERSION = YES;
				CLANG_WARN_INFINITE_RECURSION = YES;
				CLANG_WARN_INT_CONVERSION = YES;
				CLANG_WARN_NON_LITERAL_NULL_CONVERSION = YES;
				CLANG_WARN_OBJC_IMPLICIT_RETAIN_SELF = YES;
				CLANG_WARN_OBJC_LITERAL_CONVERSION = YES;
				CLANG_WARN_OBJC_ROOT_CLASS = YES_ERROR;
				CLANG_WARN_RANGE_LOOP_ANALYSIS = YES;
				CLANG_WARN_STRICT_PROTOTYPES = YES;
				CLANG_WARN_SUSPICIOUS_MOVE = YES;
				CLANG_WARN_UNGUARDED_AVAILABILITY = YES_AGGRESSIVE;
				CLANG_WARN_UNREACHABLE_CODE = YES;
				CLANG_WARN__DUPLICATE_METHOD_MATCH = YES;
				COPY_PHASE_STRIP = NO;
				DEBUG_INFORMATION_FORMAT = dwarf;
				ENABLE_STRICT_OBJC_MSGSEND = YES;
				ENABLE_TESTABILITY = YES;
				GCC_C_LANGUAGE_STANDARD = gnu11;
				GCC_DYNAMIC_NO_PIC = NO;
				GCC_NO_COMMON_BLOCKS = YES;
				GCC_OPTIMIZATION_LEVEL = 0;
				GCC_PREPROCESSOR_DEFINITIONS = (
					"DEBUG=1",
					"$(inherited)",
				);
				GCC_WARN_64_TO_32_BIT_CONVERSION = YES;
				GCC_WARN_ABOUT_RETURN_TYPE = YES_ERROR;
				GCC_WARN_UNDECLARED_SELECTOR = YES;
				GCC_WARN_UNINITIALIZED_AUTOS = YES_AGGRESSIVE;
				GCC_WARN_UNUSED_FUNCTION = YES;
				GCC_WARN_UNUSED_VARIABLE = YES;
				IPHONEOS_DEPLOYMENT_TARGET = 13.0;
				MTL_ENABLE_DEBUG_INFO = INCLUDE_SOURCE;
				MTL_FAST_MATH = YES;
				ONLY_ACTIVE_ARCH = YES;
				SDKROOT = iphoneos;
				SWIFT_ACTIVE_COMPILATION_CONDITIONS = DEBUG;
				SWIFT_OPTIMIZATION_LEVEL = "-Onone";
			};
			name = Debug;
		};
		741A24562437412E0005C00E /* Release */ = {
			isa = XCBuildConfiguration;
			buildSettings = {
				ALWAYS_SEARCH_USER_PATHS = NO;
				CLANG_ANALYZER_NONNULL = YES;
				CLANG_ANALYZER_NUMBER_OBJECT_CONVERSION = YES_AGGRESSIVE;
				CLANG_CXX_LANGUAGE_STANDARD = "gnu++14";
				CLANG_CXX_LIBRARY = "libc++";
				CLANG_ENABLE_MODULES = YES;
				CLANG_ENABLE_OBJC_ARC = YES;
				CLANG_ENABLE_OBJC_WEAK = YES;
				CLANG_WARN_BLOCK_CAPTURE_AUTORELEASING = YES;
				CLANG_WARN_BOOL_CONVERSION = YES;
				CLANG_WARN_COMMA = YES;
				CLANG_WARN_CONSTANT_CONVERSION = YES;
				CLANG_WARN_DEPRECATED_OBJC_IMPLEMENTATIONS = YES;
				CLANG_WARN_DIRECT_OBJC_ISA_USAGE = YES_ERROR;
				CLANG_WARN_DOCUMENTATION_COMMENTS = YES;
				CLANG_WARN_EMPTY_BODY = YES;
				CLANG_WARN_ENUM_CONVERSION = YES;
				CLANG_WARN_INFINITE_RECURSION = YES;
				CLANG_WARN_INT_CONVERSION = YES;
				CLANG_WARN_NON_LITERAL_NULL_CONVERSION = YES;
				CLANG_WARN_OBJC_IMPLICIT_RETAIN_SELF = YES;
				CLANG_WARN_OBJC_LITERAL_CONVERSION = YES;
				CLANG_WARN_OBJC_ROOT_CLASS = YES_ERROR;
				CLANG_WARN_RANGE_LOOP_ANALYSIS = YES;
				CLANG_WARN_STRICT_PROTOTYPES = YES;
				CLANG_WARN_SUSPICIOUS_MOVE = YES;
				CLANG_WARN_UNGUARDED_AVAILABILITY = YES_AGGRESSIVE;
				CLANG_WARN_UNREACHABLE_CODE = YES;
				CLANG_WARN__DUPLICATE_METHOD_MATCH = YES;
				COPY_PHASE_STRIP = NO;
				DEBUG_INFORMATION_FORMAT = "dwarf-with-dsym";
				ENABLE_NS_ASSERTIONS = NO;
				ENABLE_STRICT_OBJC_MSGSEND = YES;
				GCC_C_LANGUAGE_STANDARD = gnu11;
				GCC_NO_COMMON_BLOCKS = YES;
				GCC_WARN_64_TO_32_BIT_CONVERSION = YES;
				GCC_WARN_ABOUT_RETURN_TYPE = YES_ERROR;
				GCC_WARN_UNDECLARED_SELECTOR = YES;
				GCC_WARN_UNINITIALIZED_AUTOS = YES_AGGRESSIVE;
				GCC_WARN_UNUSED_FUNCTION = YES;
				GCC_WARN_UNUSED_VARIABLE = YES;
				IPHONEOS_DEPLOYMENT_TARGET = 13.0;
				MTL_ENABLE_DEBUG_INFO = NO;
				MTL_FAST_MATH = YES;
				SDKROOT = iphoneos;
				SWIFT_COMPILATION_MODE = wholemodule;
				SWIFT_OPTIMIZATION_LEVEL = "-O";
				VALIDATE_PRODUCT = YES;
			};
			name = Release;
		};
		741A24582437412E0005C00E /* Debug */ = {
			isa = XCBuildConfiguration;
			buildSettings = {
				ASSETCATALOG_COMPILER_APPICON_NAME = AppIcon;
				CODE_SIGN_STYLE = Automatic;
				INFOPLIST_FILE = "MC1-G4-FoodStock/Info.plist";
				LD_RUNPATH_SEARCH_PATHS = (
					"$(inherited)",
					"@executable_path/Frameworks",
				);
				PRODUCT_BUNDLE_IDENTIFIER = "com.example.MC1-G4-FoodStock";
				PRODUCT_NAME = "$(TARGET_NAME)";
				SWIFT_VERSION = 5.0;
				TARGETED_DEVICE_FAMILY = "1,2";
			};
			name = Debug;
		};
		741A24592437412E0005C00E /* Release */ = {
			isa = XCBuildConfiguration;
			buildSettings = {
				ASSETCATALOG_COMPILER_APPICON_NAME = AppIcon;
				CODE_SIGN_STYLE = Automatic;
				INFOPLIST_FILE = "MC1-G4-FoodStock/Info.plist";
				LD_RUNPATH_SEARCH_PATHS = (
					"$(inherited)",
					"@executable_path/Frameworks",
				);
				PRODUCT_BUNDLE_IDENTIFIER = "com.example.MC1-G4-FoodStock";
				PRODUCT_NAME = "$(TARGET_NAME)";
				SWIFT_VERSION = 5.0;
				TARGETED_DEVICE_FAMILY = "1,2";
			};
			name = Release;
		};
/* End XCBuildConfiguration section */

/* Begin XCConfigurationList section */
		741A243B2437412C0005C00E /* Build configuration list for PBXProject "MC1-G4-FoodStock" */ = {
			isa = XCConfigurationList;
			buildConfigurations = (
				741A24552437412E0005C00E /* Debug */,
				741A24562437412E0005C00E /* Release */,
			);
			defaultConfigurationIsVisible = 0;
			defaultConfigurationName = Release;
		};
		741A24572437412E0005C00E /* Build configuration list for PBXNativeTarget "MC1-G4-FoodStock" */ = {
			isa = XCConfigurationList;
			buildConfigurations = (
				741A24582437412E0005C00E /* Debug */,
				741A24592437412E0005C00E /* Release */,
			);
			defaultConfigurationIsVisible = 0;
			defaultConfigurationName = Release;
		};
/* End XCConfigurationList section */

/* Begin XCVersionGroup section */
		741A244C2437412C0005C00E /* MC1_G4_FoodStock.xcdatamodeld */ = {
			isa = XCVersionGroup;
			children = (
				741A244D2437412C0005C00E /* MC1_G4_FoodStock.xcdatamodel */,
			);
			currentVersion = 741A244D2437412C0005C00E /* MC1_G4_FoodStock.xcdatamodel */;
			path = MC1_G4_FoodStock.xcdatamodeld;
			sourceTree = "<group>";
			versionGroupType = wrapper.xcdatamodel;
		};
/* End XCVersionGroup section */
	};
	rootObject = 741A24382437412C0005C00E /* Project object */;
}
